
Microsoft Visual Studio Solution File, Format Version 12.00
# Visual Studio 15
VisualStudioVersion = 15.0.28307.421
MinimumVisualStudioVersion = 10.0.40219.1
Project("{888888A0-9F3D-457C-B088-3A5042F75D52}") = "TensorflowMNIST", "TensorflowMNIST\TensorflowMNIST.pyproj", "{241BB9F8-1321-4D62-B79F-486C1EEB74E1}"
EndProject
Global
	GlobalSection(SolutionConfigurationPlatforms) = preSolution
		Debug|Any CPU = Debug|Any CPU
		Release|Any CPU = Release|Any CPU
	EndGlobalSection
	GlobalSection(ProjectConfigurationPlatforms) = postSolution
		{241BB9F8-1321-4D62-B79F-486C1EEB74E1}.Debug|Any CPU.ActiveCfg = Debug|Any CPU
		{241BB9F8-1321-4D62-B79F-486C1EEB74E1}.Release|Any CPU.ActiveCfg = Release|Any CPU
	EndGlobalSection
	GlobalSection(SolutionProperties) = preSolution
		HideSolutionNode = FALSE
	EndGlobalSection
	GlobalSection(ExtensibilityGlobals) = postSolution
		SolutionGuid = {3FE21AB9-DFA3-430F-AA2C-589DBC5D6E80}
	EndGlobalSection
EndGlobal
